
Microsoft Visual Studio Solution File, Format Version 12.00
# Visual Studio Version 17
VisualStudioVersion = 17.9.34622.214
MinimumVisualStudioVersion = 10.0.40219.1
Project("{FAE04EC0-301F-11D3-BF4B-00C04F79EFBC}") = "PublishTest", "PublishTest\PublishTest.csproj", "{7112482D-D568-44BC-A395-78ACBE97B4B6}"
EndProject
Global
	GlobalSection(SolutionConfigurationPlatforms) = preSolution
		Debug|Any CPU = Debug|Any CPU
		Release|Any CPU = Release|Any CPU
	EndGlobalSection
	GlobalSection(ProjectConfigurationPlatforms) = postSolution
		{7112482D-D568-44BC-A395-78ACBE97B4B6}.Debug|Any CPU.ActiveCfg = Debug|Any CPU
		{7112482D-D568-44BC-A395-78ACBE97B4B6}.Debug|Any CPU.Build.0 = Debug|Any CPU
		{7112482D-D568-44BC-A395-78ACBE97B4B6}.Release|Any CPU.ActiveCfg = Release|Any CPU
		{7112482D-D568-44BC-A395-78ACBE97B4B6}.Release|Any CPU.Build.0 = Release|Any CPU
	EndGlobalSection
	GlobalSection(SolutionProperties) = preSolution
		HideSolutionNode = FALSE
	EndGlobalSection
	GlobalSection(ExtensibilityGlobals) = postSolution
		SolutionGuid = {0576E287-0423-4228-B862-E157A8D3D7BC}
	EndGlobalSection
EndGlobal
